
Microsoft Visual Studio Solution File, Format Version 12.00
# Visual Studio Version 17
VisualStudioVersion = 17.14.37203.1
MinimumVisualStudioVersion = 10.0.40219.1
Project("{8BC9CEB8-8B4A-11D0-8D11-00A0C91BC942}") = "IOCPEchoMessageApp", "IOCPEchoMessageApp\IOCPEchoMessageApp.vcxproj", "{3A499B91-41F1-4FB1-B25A-7CC31A30EB57}"
EndProject
Project("{2150E333-8FDC-42A3-9474-1A3956D46DE8}") = "Application", "Application", "{C8D5274F-AC00-46C7-1F8D-E88E81087A52}"
EndProject
Project("{2150E333-8FDC-42A3-9474-1A3956D46DE8}") = "Modules", "Modules", "{65F6A184-28E8-45BB-ADD6-0B8B8F09EBA5}"
EndProject
Project("{2150E333-8FDC-42A3-9474-1A3956D46DE8}") = "Services", "Services", "{C525BB9F-F31F-4C0B-9AD6-0C92315B626E}"
EndProject
Project("{8BC9CEB8-8B4A-11D0-8D11-00A0C91BC942}") = "Core", "Modules\Core\Core\Core.vcxproj", "{E3BD70C4-FC37-4703-9A54-152FD00BDEA2}"
EndProject
Project("{8BC9CEB8-8B4A-11D0-8D11-00A0C91BC942}") = "IOCPNetworkEngine", "Modules\IOCPEngine\IOCPNetworkEngine\IOCPNetworkEngine.vcxproj", "{8BAEDDCB-B352-4813-A055-9AD3B9EE8653}"
EndProject
Project("{8BC9CEB8-8B4A-11D0-8D11-00A0C91BC942}") = "EchoClient", "Services\EchoClient\EchoClient.vcxproj", "{C9C9E56C-1AE4-4202-88E6-3CAA91A8A7AF}"
EndProject
Project("{8BC9CEB8-8B4A-11D0-8D11-00A0C91BC942}") = "EchoServer", "Services\EchoServer\EchoServer.vcxproj", "{3BEF7497-AEFE-4F7B-B2AB-49F90735770A}"
EndProject
Project("{2150E333-8FDC-42A3-9474-1A3956D46DE8}") = "Echo Message Protocol", "Echo Message Protocol", "{601881AE-B651-458B-BE87-6B136112F8CD}"
	ProjectSection(SolutionItems) = preProject
		Services\EchoProtocol\EchoPacket.h = Services\EchoProtocol\EchoPacket.h
		Services\EchoProtocol\EchoPacketID.h = Services\EchoProtocol\EchoPacketID.h
	EndProjectSection
EndProject
Project("{8BC9CEB8-8B4A-11D0-8D11-00A0C91BC942}") = "EchoMessageClientApp", "Application\EchoMessageClientApp\EchoMessageClientApp.vcxproj", "{C8E7AC08-6081-464F-BAB4-BDCBBB662130}"
EndProject
Project("{8BC9CEB8-8B4A-11D0-8D11-00A0C91BC942}") = "EchoMessageServerApp", "Application\EchoMessageServerApp\EchoMessageServerApp.vcxproj", "{7CC69AD7-9CB1-4EB4-8514-955BA1400A1A}"
EndProject
Global
	GlobalSection(SolutionConfigurationPlatforms) = preSolution
		Debug|x64 = Debug|x64
		Debug|x86 = Debug|x86
		Release|x64 = Release|x64
		Release|x86 = Release|x86
	EndGlobalSection
	GlobalSection(ProjectConfigurationPlatforms) = postSolution
		{3A499B91-41F1-4FB1-B25A-7CC31A30EB57}.Debug|x64.ActiveCfg = Debug|x64
		{3A499B91-41F1-4FB1-B25A-7CC31A30EB57}.Debug|x64.Build.0 = Debug|x64
		{3A499B91-41F1-4FB1-B25A-7CC31A30EB57}.Debug|x86.ActiveCfg = Debug|Win32
		{3A499B91-41F1-4FB1-B25A-7CC31A30EB57}.Debug|x86.Build.0 = Debug|Win32
		{3A499B91-41F1-4FB1-B25A-7CC31A30EB57}.Release|x64.ActiveCfg = Release|x64
		{3A499B91-41F1-4FB1-B25A-7CC31A30EB57}.Release|x64.Build.0 = Release|x64
		{3A499B91-41F1-4FB1-B25A-7CC31A30EB57}.Release|x86.ActiveCfg = Release|Win32
		{3A499B91-41F1-4FB1-B25A-7CC31A30EB57}.Release|x86.Build.0 = Release|Win32
		{E3BD70C4-FC37-4703-9A54-152FD00BDEA2}.Debug|x64.ActiveCfg = Debug|x64
		{E3BD70C4-FC37-4703-9A54-152FD00BDEA2}.Debug|x64.Build.0 = Debug|x64
		{E3BD70C4-FC37-4703-9A54-152FD00BDEA2}.Debug|x86.ActiveCfg = Debug|Win32
		{E3BD70C4-FC37-4703-9A54-152FD00BDEA2}.Debug|x86.Build.0 = Debug|Win32
		{E3BD70C4-FC37-4703-9A54-152FD00BDEA2}.Release|x64.ActiveCfg = Release|x64
		{E3BD70C4-FC37-4703-9A54-152FD00BDEA2}.Release|x64.Build.0 = Release|x64
		{E3BD70C4-FC37-4703-9A54-152FD00BDEA2}.Release|x86.ActiveCfg = Release|Win32
		{E3BD70C4-FC37-4703-9A54-152FD00BDEA2}.Release|x86.Build.0 = Release|Win32
		{8BAEDDCB-B352-4813-A055-9AD3B9EE8653}.Debug|x64.ActiveCfg = Debug|x64
		{8BAEDDCB-B352-4813-A055-9AD3B9EE8653}.Debug|x64.Build.0 = Debug|x64
		{8BAEDDCB-B352-4813-A055-9AD3B9EE8653}.Debug|x86.ActiveCfg = Debug|Win32
		{8BAEDDCB-B352-4813-A055-9AD3B9EE8653}.Debug|x86.Build.0 = Debug|Win32
		{8BAEDDCB-B352-4813-A055-9AD3B9EE8653}.Release|x64.ActiveCfg = Release|x64
		{8BAEDDCB-B352-4813-A055-9AD3B9EE8653}.Release|x64.Build.0 = Release|x64
		{8BAEDDCB-B352-4813-A055-9AD3B9EE8653}.Release|x86.ActiveCfg = Release|Win32
		{8BAEDDCB-B352-4813-A055-9AD3B9EE8653}.Release|x86.Build.0 = Release|Win32
		{C9C9E56C-1AE4-4202-88E6-3CAA91A8A7AF}.Debug|x64.ActiveCfg = Debug|x64
		{C9C9E56C-1AE4-4202-88E6-3CAA91A8A7AF}.Debug|x64.Build.0 = Debug|x64
		{C9C9E56C-1AE4-4202-88E6-3CAA91A8A7AF}.Debug|x86.ActiveCfg = Debug|Win32
		{C9C9E56C-1AE4-4202-88E6-3CAA91A8A7AF}.Debug|x86.Build.0 = Debug|Win32
		{C9C9E56C-1AE4-4202-88E6-3CAA91A8A7AF}.Release|x64.ActiveCfg = Release|x64
		{C9C9E56C-1AE4-4202-88E6-3CAA91A8A7AF}.Release|x64.Build.0 = Release|x64
		{C9C9E56C-1AE4-4202-88E6-3CAA91A8A7AF}.Release|x86.ActiveCfg = Release|Win32
		{C9C9E56C-1AE4-4202-88E6-3CAA91A8A7AF}.Release|x86.Build.0 = Release|Win32
		{3BEF7497-AEFE-4F7B-B2AB-49F90735770A}.Debug|x64.ActiveCfg = Debug|x64
		{3BEF7497-AEFE-4F7B-B2AB-49F90735770A}.Debug|x64.Build.0 = Debug|x64
		{3BEF7497-AEFE-4F7B-B2AB-49F90735770A}.Debug|x86.ActiveCfg = Debug|Win32
		{3BEF7497-AEFE-4F7B-B2AB-49F90735770A}.Debug|x86.Build.0 = Debug|Win32
		{3BEF7497-AEFE-4F7B-B2AB-49F90735770A}.Release|x64.ActiveCfg = Release|x64
		{3BEF7497-AEFE-4F7B-B2AB-49F90735770A}.Release|x64.Build.0 = Release|x64
		{3BEF7497-AEFE-4F7B-B2AB-49F90735770A}.Release|x86.ActiveCfg = Release|Win32
		{3BEF7497-AEFE-4F7B-B2AB-49F90735770A}.Release|x86.Build.0 = Release|Win32
		{C8E7AC08-6081-464F-BAB4-BDCBBB662130}.Debug|x64.ActiveCfg = Debug|x64
		{C8E7AC08-6081-464F-BAB4-BDCBBB662130}.Debug|x64.Build.0 = Debug|x64
		{C8E7AC08-6081-464F-BAB4-BDCBBB662130}.Debug|x86.ActiveCfg = Debug|Win32
		{C8E7AC08-6081-464F-BAB4-BDCBBB662130}.Debug|x86.Build.0 = Debug|Win32
		{C8E7AC08-6081-464F-BAB4-BDCBBB662130}.Release|x64.ActiveCfg = Release|x64
		{C8E7AC08-6081-464F-BAB4-BDCBBB662130}.Release|x64.Build.0 = Release|x64
		{C8E7AC08-6081-464F-BAB4-BDCBBB662130}.Release|x86.ActiveCfg = Release|Win32
		{C8E7AC08-6081-464F-BAB4-BDCBBB662130}.Release|x86.Build.0 = Release|Win32
		{7CC69AD7-9CB1-4EB4-8514-955BA1400A1A}.Debug|x64.ActiveCfg = Debug|x64
		{7CC69AD7-9CB1-4EB4-8514-955BA1400A1A}.Debug|x64.Build.0 = Debug|x64
		{7CC69AD7-9CB1-4EB4-8514-955BA1400A1A}.Debug|x86.ActiveCfg = Debug|Win32
		{7CC69AD7-9CB1-4EB4-8514-955BA1400A1A}.Debug|x86.Build.0 = Debug|Win32
		{7CC69AD7-9CB1-4EB4-8514-955BA1400A1A}.Release|x64.ActiveCfg = Release|x64
		{7CC69AD7-9CB1-4EB4-8514-955BA1400A1A}.Release|x64.Build.0 = Release|x64
		{7CC69AD7-9CB1-4EB4-8514-955BA1400A1A}.Release|x86.ActiveCfg = Release|Win32
		{7CC69AD7-9CB1-4EB4-8514-955BA1400A1A}.Release|x86.Build.0 = Release|Win32
	EndGlobalSection
	GlobalSection(SolutionProperties) = preSolution
		HideSolutionNode = FALSE
	EndGlobalSection
	GlobalSection(NestedProjects) = preSolution
		{E3BD70C4-FC37-4703-9A54-152FD00BDEA2} = {65F6A184-28E8-45BB-ADD6-0B8B8F09EBA5}
		{8BAEDDCB-B352-4813-A055-9AD3B9EE8653} = {65F6A184-28E8-45BB-ADD6-0B8B8F09EBA5}
		{C9C9E56C-1AE4-4202-88E6-3CAA91A8A7AF} = {C525BB9F-F31F-4C0B-9AD6-0C92315B626E}
		{3BEF7497-AEFE-4F7B-B2AB-49F90735770A} = {C525BB9F-F31F-4C0B-9AD6-0C92315B626E}
		{601881AE-B651-458B-BE87-6B136112F8CD} = {C525BB9F-F31F-4C0B-9AD6-0C92315B626E}
		{C8E7AC08-6081-464F-BAB4-BDCBBB662130} = {C8D5274F-AC00-46C7-1F8D-E88E81087A52}
		{7CC69AD7-9CB1-4EB4-8514-955BA1400A1A} = {C8D5274F-AC00-46C7-1F8D-E88E81087A52}
	EndGlobalSection
	GlobalSection(ExtensibilityGlobals) = postSolution
		SolutionGuid = {13A7545E-AC13-4A4C-8CE0-577CBCA92685}
	EndGlobalSection
EndGlobal
